
Microsoft Visual Studio Solution File, Format Version 12.00
# Visual Studio Version 17
VisualStudioVersion = 17.7.34202.233
MinimumVisualStudioVersion = 10.0.40219.1
Project("{FAE04EC0-301F-11D3-BF4B-00C04F79EFBC}") = "revShell", "revShell\revShell.csproj", "{4458755C-AC60-4EF1-A4D2-D9A9931E7D09}"
EndProject
Global
	GlobalSection(SolutionConfigurationPlatforms) = preSolution
		Debug|Any CPU = Debug|Any CPU
		Release|Any CPU = Release|Any CPU
	EndGlobalSection
	GlobalSection(ProjectConfigurationPlatforms) = postSolution
		{4458755C-AC60-4EF1-A4D2-D9A9931E7D09}.Debug|Any CPU.ActiveCfg = Debug|Any CPU
		{4458755C-AC60-4EF1-A4D2-D9A9931E7D09}.Debug|Any CPU.Build.0 = Debug|Any CPU
		{4458755C-AC60-4EF1-A4D2-D9A9931E7D09}.Release|Any CPU.ActiveCfg = Release|Any CPU
		{4458755C-AC60-4EF1-A4D2-D9A9931E7D09}.Release|Any CPU.Build.0 = Release|Any CPU
	EndGlobalSection
	GlobalSection(SolutionProperties) = preSolution
		HideSolutionNode = FALSE
	EndGlobalSection
	GlobalSection(ExtensibilityGlobals) = postSolution
		SolutionGuid = {BD0461BF-F6D8-47C2-8D9F-35DF67CF54C8}
	EndGlobalSection
EndGlobal
